// !$*UTF8*$!
{
	archiveVersion = 1;
	classes = {
	};
	objectVersion = 56;
	objects = {

/* Begin PBXBuildFile section */
		91B82EDA29ED54F300D47E4A /* MonogatariApp.swift in Sources */ = {isa = PBXBuildFile; fileRef = 91B82ED929ED54F300D47E4A /* MonogatariApp.swift */; };
		91B82EDC29ED54F300D47E4A /* ContentView.swift in Sources */ = {isa = PBXBuildFile; fileRef = 91B82EDB29ED54F300D47E4A /* ContentView.swift */; };
		91B82EDE29ED54F400D47E4A /* Assets.xcassets in Resources */ = {isa = PBXBuildFile; fileRef = 91B82EDD29ED54F400D47E4A /* Assets.xcassets */; };
		91B82EE129ED54F400D47E4A /* Preview Assets.xcassets in Resources */ = {isa = PBXBuildFile; fileRef = 91B82EE029ED54F400D47E4A /* Preview Assets.xcassets */; };
		91B82EE329ED54F400D47E4A /* Persistence.swift in Sources */ = {isa = PBXBuildFile; fileRef = 91B82EE229ED54F400D47E4A /* Persistence.swift */; };
		91B82EE629ED54F400D47E4A /* Monogatari.xcdatamodeld in Sources */ = {isa = PBXBuildFile; fileRef = 91B82EE429ED54F400D47E4A /* Monogatari.xcdatamodeld */; };
/* End PBXBuildFile section */

/* Begin PBXFileReference section */
		91B82ED629ED54F300D47E4A /* Monogatari.app */ = {isa = PBXFileReference; explicitFileType = wrapper.application; includeInIndex = 0; path = Monogatari.app; sourceTree = BUILT_PRODUCTS_DIR; };
		91B82ED929ED54F300D47E4A /* MonogatariApp.swift */ = {isa = PBXFileReference; lastKnownFileType = sourcecode.swift; path = MonogatariApp.swift; sourceTree = "<group>"; };
		91B82EDB29ED54F300D47E4A /* ContentView.swift */ = {isa = PBXFileReference; lastKnownFileType = sourcecode.swift; path = ContentView.swift; sourceTree = "<group>"; };
		91B82EDD29ED54F400D47E4A /* Assets.xcassets */ = {isa = PBXFileReference; lastKnownFileType = folder.assetcatalog; path = Assets.xcassets; sourceTree = "<group>"; };
		91B82EE029ED54F400D47E4A /* Preview Assets.xcassets */ = {isa = PBXFileReference; lastKnownFileType = folder.assetcatalog; path = "Preview Assets.xcassets"; sourceTree = "<group>"; };
		91B82EE229ED54F400D47E4A /* Persistence.swift */ = {isa = PBXFileReference; lastKnownFileType = sourcecode.swift; path = Persistence.swift; sourceTree = "<group>"; };
		91B82EE529ED54F400D47E4A /* Monogatari.xcdatamodel */ = {isa = PBXFileReference; lastKnownFileType = wrapper.xcdatamodel; path = Monogatari.xcdatamodel; sourceTree = "<group>"; };
		91B82EE729ED54F400D47E4A /* Info.plist */ = {isa = PBXFileReference; lastKnownFileType = text.plist.xml; path = Info.plist; sourceTree = "<group>"; };
		91B82EED29ED552000D47E4A /* Monogatari.entitlements */ = {isa = PBXFileReference; lastKnownFileType = text.plist.entitlements; path = Monogatari.entitlements; sourceTree = "<group>"; };
/* End PBXFileReference section */

/* Begin PBXFrameworksBuildPhase section */
		91B82ED329ED54F300D47E4A /* Frameworks */ = {
			isa = PBXFrameworksBuildPhase;
			buildActionMask = 2147483647;
			files = (
			);
			runOnlyForDeploymentPostprocessing = 0;
		};
/* End PBXFrameworksBuildPhase section */

/* Begin PBXGroup section */
		91B82ECD29ED54F300D47E4A = {
			isa = PBXGroup;
			children = (
				91B82ED829ED54F300D47E4A /* Monogatari */,
				91B82ED729ED54F300D47E4A /* Products */,
			);
			sourceTree = "<group>";
		};
		91B82ED729ED54F300D47E4A /* Products */ = {
			isa = PBXGroup;
			children = (
				91B82ED629ED54F300D47E4A /* Monogatari.app */,
			);
			name = Products;
			sourceTree = "<group>";
		};
		91B82ED829ED54F300D47E4A /* Monogatari */ = {
			isa = PBXGroup;
			children = (
				91B82EED29ED552000D47E4A /* Monogatari.entitlements */,
				91B82ED929ED54F300D47E4A /* MonogatariApp.swift */,
				91B82EDB29ED54F300D47E4A /* ContentView.swift */,
				91B82EDD29ED54F400D47E4A /* Assets.xcassets */,
				91B82EE229ED54F400D47E4A /* Persistence.swift */,
				91B82EE729ED54F400D47E4A /* Info.plist */,
				91B82EE429ED54F400D47E4A /* Monogatari.xcdatamodeld */,
				91B82EDF29ED54F400D47E4A /* Preview Content */,
			);
			path = Monogatari;
			sourceTree = "<group>";
		};
		91B82EDF29ED54F400D47E4A /* Preview Content */ = {
			isa = PBXGroup;
			children = (
				91B82EE029ED54F400D47E4A /* Preview Assets.xcassets */,
			);
			path = "Preview Content";
			sourceTree = "<group>";
		};
/* End PBXGroup section */

/* Begin PBXNativeTarget section */
		91B82ED529ED54F300D47E4A /* Monogatari */ = {
			isa = PBXNativeTarget;
			buildConfigurationList = 91B82EEA29ED54F400D47E4A /* Build configuration list for PBXNativeTarget "Monogatari" */;
			buildPhases = (
				91B82ED229ED54F300D47E4A /* Sources */,
				91B82ED329ED54F300D47E4A /* Frameworks */,
				91B82ED429ED54F300D47E4A /* Resources */,
			);
			buildRules = (
			);
			dependencies = (
			);
			name = Monogatari;
			productName = Monogatari;
			productReference = 91B82ED629ED54F300D47E4A /* Monogatari.app */;
			productType = "com.apple.product-type.application";
		};
/* End PBXNativeTarget section */

/* Begin PBXProject section */
		91B82ECE29ED54F300D47E4A /* Project object */ = {
			isa = PBXProject;
			attributes = {
				BuildIndependentTargetsInParallel = 1;
				LastSwiftUpdateCheck = 1430;
				LastUpgradeCheck = 1430;
				TargetAttributes = {
					91B82ED529ED54F300D47E4A = {
						CreatedOnToolsVersion = 14.3;
					};
				};
			};
			buildConfigurationList = 91B82ED129ED54F300D47E4A /* Build configuration list for PBXProject "Monogatari" */;
			compatibilityVersion = "Xcode 14.0";
			developmentRegion = en;
			hasScannedForEncodings = 0;
			knownRegions = (
				en,
				Base,
			);
			mainGroup = 91B82ECD29ED54F300D47E4A;
			productRefGroup = 91B82ED729ED54F300D47E4A /* Products */;
			projectDirPath = "";
			projectRoot = "";
			targets = (
				91B82ED529ED54F300D47E4A /* Monogatari */,
			);
		};
/* End PBXProject section */

/* Begin PBXResourcesBuildPhase section */
		91B82ED429ED54F300D47E4A /* Resources */ = {
			isa = PBXResourcesBuildPhase;
			buildActionMask = 2147483647;
			files = (
				91B82EE129ED54F400D47E4A /* Preview Assets.xcassets in Resources */,
				91B82EDE29ED54F400D47E4A /* Assets.xcassets in Resources */,
			);
			runOnlyForDeploymentPostprocessing = 0;
		};
/* End PBXResourcesBuildPhase section */

/* Begin PBXSourcesBuildPhase section */
		91B82ED229ED54F300D47E4A /* Sources */ = {
			isa = PBXSourcesBuildPhase;
			buildActionMask = 2147483647;
			files = (
				91B82EE629ED54F400D47E4A /* Monogatari.xcdatamodeld in Sources */,
				91B82EE329ED54F400D47E4A /* Persistence.swift in Sources */,
				91B82EDC29ED54F300D47E4A /* ContentView.swift in Sources */,
				91B82EDA29ED54F300D47E4A /* MonogatariApp.swift in Sources */,
			);
			runOnlyForDeploymentPostprocessing = 0;
		};
/* End PBXSourcesBuildPhase section */

/* Begin XCBuildConfiguration section */
		91B82EE829ED54F400D47E4A /* Debug */ = {
			isa = XCBuildConfiguration;
			buildSettings = {
				ALWAYS_SEARCH_USER_PATHS = NO;
				CLANG_ANALYZER_NONNULL = YES;
				CLANG_ANALYZER_NUMBER_OBJECT_CONVERSION = YES_AGGRESSIVE;
				CLANG_CXX_LANGUAGE_STANDARD = "gnu++20";
				CLANG_ENABLE_MODULES = YES;
				CLANG_ENABLE_OBJC_ARC = YES;
				CLANG_ENABLE_OBJC_WEAK = YES;
				CLANG_WARN_BLOCK_CAPTURE_AUTORELEASING = YES;
				CLANG_WARN_BOOL_CONVERSION = YES;
				CLANG_WARN_COMMA = YES;
				CLANG_WARN_CONSTANT_CONVERSION = YES;
				CLANG_WARN_DEPRECATED_OBJC_IMPLEMENTATIONS = YES;
				CLANG_WARN_DIRECT_OBJC_ISA_USAGE = YES_ERROR;
				CLANG_WARN_DOCUMENTATION_COMMENTS = YES;
				CLANG_WARN_EMPTY_BODY = YES;
				CLANG_WARN_ENUM_CONVERSION = YES;
				CLANG_WARN_INFINITE_RECURSION = YES;
				CLANG_WARN_INT_CONVERSION = YES;
				CLANG_WARN_NON_LITERAL_NULL_CONVERSION = YES;
				CLANG_WARN_OBJC_IMPLICIT_RETAIN_SELF = YES;
				CLANG_WARN_OBJC_LITERAL_CONVERSION = YES;
				CLANG_WARN_OBJC_ROOT_CLASS = YES_ERROR;
				CLANG_WARN_QUOTED_INCLUDE_IN_FRAMEWORK_HEADER = YES;
				CLANG_WARN_RANGE_LOOP_ANALYSIS = YES;
				CLANG_WARN_STRICT_PROTOTYPES = YES;
				CLANG_WARN_SUSPICIOUS_MOVE = YES;
				CLANG_WARN_UNGUARDED_AVAILABILITY = YES_AGGRESSIVE;
				CLANG_WARN_UNREACHABLE_CODE = YES;
				CLANG_WARN__DUPLICATE_METHOD_MATCH = YES;
				COPY_PHASE_STRIP = NO;
				DEBUG_INFORMATION_FORMAT = dwarf;
				ENABLE_STRICT_OBJC_MSGSEND = YES;
				ENABLE_TESTABILITY = YES;
				GCC_C_LANGUAGE_STANDARD = gnu11;
				GCC_DYNAMIC_NO_PIC = NO;
				GCC_NO_COMMON_BLOCKS = YES;
				GCC_OPTIMIZATION_LEVEL = 0;
				GCC_PREPROCESSOR_DEFINITIONS = (
					"DEBUG=1",
					"$(inherited)",
				);
				GCC_WARN_64_TO_32_BIT_CONVERSION = YES;
				GCC_WARN_ABOUT_RETURN_TYPE = YES_ERROR;
				GCC_WARN_UNDECLARED_SELECTOR = YES;
				GCC_WARN_UNINITIALIZED_AUTOS = YES_AGGRESSIVE;
				GCC_WARN_UNUSED_FUNCTION = YES;
				GCC_WARN_UNUSED_VARIABLE = YES;
				IPHONEOS_DEPLOYMENT_TARGET = 16.4;
				MTL_ENABLE_DEBUG_INFO = INCLUDE_SOURCE;
				MTL_FAST_MATH = YES;
				ONLY_ACTIVE_ARCH = YES;
				SDKROOT = iphoneos;
				SWIFT_ACTIVE_COMPILATION_CONDITIONS = DEBUG;
				SWIFT_OPTIMIZATION_LEVEL = "-Onone";
			};
			name = Debug;
		};
		91B82EE929ED54F400D47E4A /* Release */ = {
			isa = XCBuildConfiguration;
			buildSettings = {
				ALWAYS_SEARCH_USER_PATHS = NO;
				CLANG_ANALYZER_NONNULL = YES;
				CLANG_ANALYZER_NUMBER_OBJECT_CONVERSION = YES_AGGRESSIVE;
				CLANG_CXX_LANGUAGE_STANDARD = "gnu++20";
				CLANG_ENABLE_MODULES = YES;
				CLANG_ENABLE_OBJC_ARC = YES;
				CLANG_ENABLE_OBJC_WEAK = YES;
				CLANG_WARN_BLOCK_CAPTURE_AUTORELEASING = YES;
				CLANG_WARN_BOOL_CONVERSION = YES;
				CLANG_WARN_COMMA = YES;
				CLANG_WARN_CONSTANT_CONVERSION = YES;
				CLANG_WARN_DEPRECATED_OBJC_IMPLEMENTATIONS = YES;
				CLANG_WARN_DIRECT_OBJC_ISA_USAGE = YES_ERROR;
				CLANG_WARN_DOCUMENTATION_COMMENTS = YES;
				CLANG_WARN_EMPTY_BODY = YES;
				CLANG_WARN_ENUM_CONVERSION = YES;
				CLANG_WARN_INFINITE_RECURSION = YES;
				CLANG_WARN_INT_CONVERSION = YES;
				CLANG_WARN_NON_LITERAL_NULL_CONVERSION = YES;
				CLANG_WARN_OBJC_IMPLICIT_RETAIN_SELF = YES;
				CLANG_WARN_OBJC_LITERAL_CONVERSION = YES;
				CLANG_WARN_OBJC_ROOT_CLASS = YES_ERROR;
				CLANG_WARN_QUOTED_INCLUDE_IN_FRAMEWORK_HEADER = YES;
				CLANG_WARN_RANGE_LOOP_ANALYSIS = YES;
				CLANG_WARN_STRICT_PROTOTYPES = YES;
				CLANG_WARN_SUSPICIOUS_MOVE = YES;
				CLANG_WARN_UNGUARDED_AVAILABILITY = YES_AGGRESSIVE;
				CLANG_WARN_UNREACHABLE_CODE = YES;
				CLANG_WARN__DUPLICATE_METHOD_MATCH = YES;
				COPY_PHASE_STRIP = NO;
				DEBUG_INFORMATION_FORMAT = "dwarf-with-dsym";
				ENABLE_NS_ASSERTIONS = NO;
				ENABLE_STRICT_OBJC_MSGSEND = YES;
				GCC_C_LANGUAGE_STANDARD = gnu11;
				GCC_NO_COMMON_BLOCKS = YES;
				GCC_WARN_64_TO_32_BIT_CONVERSION = YES;
				GCC_WARN_ABOUT_RETURN_TYPE = YES_ERROR;
				GCC_WARN_UNDECLARED_SELECTOR = YES;
				GCC_WARN_UNINITIALIZED_AUTOS = YES_AGGRESSIVE;
				GCC_WARN_UNUSED_FUNCTION = YES;
				GCC_WARN_UNUSED_VARIABLE = YES;
				IPHONEOS_DEPLOYMENT_TARGET = 16.4;
				MTL_ENABLE_DEBUG_INFO = NO;
				MTL_FAST_MATH = YES;
				SDKROOT = iphoneos;
				SWIFT_COMPILATION_MODE = wholemodule;
				SWIFT_OPTIMIZATION_LEVEL = "-O";
				VALIDATE_PRODUCT = YES;
			};
			name = Release;
		};
		91B82EEB29ED54F400D47E4A /* Debug */ = {
			isa = XCBuildConfiguration;
			buildSettings = {
				ASSETCATALOG_COMPILER_APPICON_NAME = AppIcon;
				ASSETCATALOG_COMPILER_GLOBAL_ACCENT_COLOR_NAME = AccentColor;
				CODE_SIGN_ENTITLEMENTS = Monogatari/Monogatari.entitlements;
				CODE_SIGN_STYLE = Automatic;
				CURRENT_PROJECT_VERSION = 1;
				DEVELOPMENT_ASSET_PATHS = "\"Monogatari/Preview Content\"";
				DEVELOPMENT_TEAM = XA29694495;
				ENABLE_PREVIEWS = YES;
				GENERATE_INFOPLIST_FILE = YES;
				INFOPLIST_KEY_UIApplicationSceneManifest_Generation = YES;
				INFOPLIST_KEY_UIApplicationSupportsIndirectInputEvents = YES;
				INFOPLIST_KEY_UILaunchScreen_Generation = YES;
				INFOPLIST_KEY_UISupportedInterfaceOrientations_iPad = "UIInterfaceOrientationPortrait UIInterfaceOrientationPortraitUpsideDown UIInterfaceOrientationLandscapeLeft UIInterfaceOrientationLandscapeRight";
				INFOPLIST_KEY_UISupportedInterfaceOrientations_iPhone = "UIInterfaceOrientationPortrait UIInterfaceOrientationLandscapeLeft UIInterfaceOrientationLandscapeRight";
				LD_RUNPATH_SEARCH_PATHS = (
					"$(inherited)",
					"@executable_path/Frameworks",
				);
				MARKETING_VERSION = 1.0;
				PRODUCT_BUNDLE_IDENTIFIER = dev.winxen.Monogatari;
				PRODUCT_NAME = "$(TARGET_NAME)";
				SWIFT_EMIT_LOC_STRINGS = YES;
				SWIFT_VERSION = 5.0;
				TARGETED_DEVICE_FAMILY = "1,2";
			};
			name = Debug;
		};
		91B82EEC29ED54F400D47E4A /* Release */ = {
			isa = XCBuildConfiguration;
			buildSettings = {
				ASSETCATALOG_COMPILER_APPICON_NAME = AppIcon;
				ASSETCATALOG_COMPILER_GLOBAL_ACCENT_COLOR_NAME = AccentColor;
				CODE_SIGN_ENTITLEMENTS = Monogatari/Monogatari.entitlements;
				CODE_SIGN_STYLE = Automatic;
				CURRENT_PROJECT_VERSION = 1;
				DEVELOPMENT_ASSET_PATHS = "\"Monogatari/Preview Content\"";
				DEVELOPMENT_TEAM = XA29694495;
				ENABLE_PREVIEWS = YES;
				GENERATE_INFOPLIST_FILE = YES;
				INFOPLIST_KEY_UIApplicationSceneManifest_Generation = YES;
				INFOPLIST_KEY_UIApplicationSupportsIndirectInputEvents = YES;
				INFOPLIST_KEY_UILaunchScreen_Generation = YES;
				INFOPLIST_KEY_UISupportedInterfaceOrientations_iPad = "UIInterfaceOrientationPortrait UIInterfaceOrientationPortraitUpsideDown UIInterfaceOrientationLandscapeLeft UIInterfaceOrientationLandscapeRight";
				INFOPLIST_KEY_UISupportedInterfaceOrientations_iPhone = "UIInterfaceOrientationPortrait UIInterfaceOrientationLandscapeLeft UIInterfaceOrientationLandscapeRight";
				LD_RUNPATH_SEARCH_PATHS = (
					"$(inherited)",
					"@executable_path/Frameworks",
				);
				MARKETING_VERSION = 1.0;
				PRODUCT_BUNDLE_IDENTIFIER = dev.winxen.Monogatari;
				PRODUCT_NAME = "$(TARGET_NAME)";
				SWIFT_EMIT_LOC_STRINGS = YES;
				SWIFT_VERSION = 5.0;
				TARGETED_DEVICE_FAMILY = "1,2";
			};
			name = Release;
		};
/* End XCBuildConfiguration section */

/* Begin XCConfigurationList section */
		91B82ED129ED54F300D47E4A /* Build configuration list for PBXProject "Monogatari" */ = {
			isa = XCConfigurationList;
			buildConfigurations = (
				91B82EE829ED54F400D47E4A /* Debug */,
				91B82EE929ED54F400D47E4A /* Release */,
			);
			defaultConfigurationIsVisible = 0;
			defaultConfigurationName = Release;
		};
		91B82EEA29ED54F400D47E4A /* Build configuration list for PBXNativeTarget "Monogatari" */ = {
			isa = XCConfigurationList;
			buildConfigurations = (
				91B82EEB29ED54F400D47E4A /* Debug */,
				91B82EEC29ED54F400D47E4A /* Release */,
			);
			defaultConfigurationIsVisible = 0;
			defaultConfigurationName = Release;
		};
/* End XCConfigurationList section */

/* Begin XCVersionGroup section */
		91B82EE429ED54F400D47E4A /* Monogatari.xcdatamodeld */ = {
			isa = XCVersionGroup;
			children = (
				91B82EE529ED54F400D47E4A /* Monogatari.xcdatamodel */,
			);
			currentVersion = 91B82EE529ED54F400D47E4A /* Monogatari.xcdatamodel */;
			path = Monogatari.xcdatamodeld;
			sourceTree = "<group>";
			versionGroupType = wrapper.xcdatamodel;
		};
/* End XCVersionGroup section */
	};
	rootObject = 91B82ECE29ED54F300D47E4A /* Project object */;
}
